
Microsoft Visual Studio Solution File, Format Version 12.00
# Visual Studio Version 17
VisualStudioVersion = 17.8.34525.116
MinimumVisualStudioVersion = 10.0.40219.1
Project("{9A19103F-16F7-4668-BE54-9A1E7A4F7556}") = "PhotoResizer", "PhotoResizer.csproj", "{C55461F9-D1F3-4991-A749-5F3519C2D5C7}"
EndProject
Project("{9A19103F-16F7-4668-BE54-9A1E7A4F7556}") = "PhotoResizerClassLibrary", "PhotoResizerClassLibrary\PhotoResizerClassLibrary.csproj", "{56DC41E2-6F4B-48D1-94EF-653C7FF7D8AB}"
EndProject
Global
	GlobalSection(SolutionConfigurationPlatforms) = preSolution
		Debug|Any CPU = Debug|Any CPU
		Release|Any CPU = Release|Any CPU
	EndGlobalSection
	GlobalSection(ProjectConfigurationPlatforms) = postSolution
		{C55461F9-D1F3-4991-A749-5F3519C2D5C7}.Debug|Any CPU.ActiveCfg = Debug|Any CPU
		{C55461F9-D1F3-4991-A749-5F3519C2D5C7}.Debug|Any CPU.Build.0 = Debug|Any CPU
		{C55461F9-D1F3-4991-A749-5F3519C2D5C7}.Release|Any CPU.ActiveCfg = Release|Any CPU
		{C55461F9-D1F3-4991-A749-5F3519C2D5C7}.Release|Any CPU.Build.0 = Release|Any CPU
		{56DC41E2-6F4B-48D1-94EF-653C7FF7D8AB}.Debug|Any CPU.ActiveCfg = Debug|Any CPU
		{56DC41E2-6F4B-48D1-94EF-653C7FF7D8AB}.Debug|Any CPU.Build.0 = Debug|Any CPU
		{56DC41E2-6F4B-48D1-94EF-653C7FF7D8AB}.Release|Any CPU.ActiveCfg = Release|Any CPU
		{56DC41E2-6F4B-48D1-94EF-653C7FF7D8AB}.Release|Any CPU.Build.0 = Release|Any CPU
	EndGlobalSection
	GlobalSection(SolutionProperties) = preSolution
		HideSolutionNode = FALSE
	EndGlobalSection
EndGlobal
